
Microsoft Visual Studio Solution File, Format Version 12.00
# Visual Studio Version 17
VisualStudioVersion = 17.5.002.0
MinimumVisualStudioVersion = 10.0.40219.1
Project("{9A19103F-16F7-4668-BE54-9A1E7A4F7556}") = "ontapbuoi10", "ontapbuoi10\ontapbuoi10.csproj", "{2227F9B6-FCB7-415F-92A4-66082F0268D4}"
EndProject
Global
	GlobalSection(SolutionConfigurationPlatforms) = preSolution
		Debug|Any CPU = Debug|Any CPU
		Release|Any CPU = Release|Any CPU
	EndGlobalSection
	GlobalSection(ProjectConfigurationPlatforms) = postSolution
		{2227F9B6-FCB7-415F-92A4-66082F0268D4}.Debug|Any CPU.ActiveCfg = Debug|Any CPU
		{2227F9B6-FCB7-415F-92A4-66082F0268D4}.Debug|Any CPU.Build.0 = Debug|Any CPU
		{2227F9B6-FCB7-415F-92A4-66082F0268D4}.Release|Any CPU.ActiveCfg = Release|Any CPU
		{2227F9B6-FCB7-415F-92A4-66082F0268D4}.Release|Any CPU.Build.0 = Release|Any CPU
	EndGlobalSection
	GlobalSection(SolutionProperties) = preSolution
		HideSolutionNode = FALSE
	EndGlobalSection
	GlobalSection(ExtensibilityGlobals) = postSolution
		SolutionGuid = {EDBDC09F-A37D-4CFD-98AC-6F31A7F01946}
	EndGlobalSection
EndGlobal
