
Microsoft Visual Studio Solution File, Format Version 12.00
# Visual Studio Version 17
VisualStudioVersion = 17.5.002.0
MinimumVisualStudioVersion = 10.0.40219.1
Project("{9A19103F-16F7-4668-BE54-9A1E7A4F7556}") = "Buoi15_OOp", "Buoi15_OOp\Buoi15_OOp.csproj", "{ABA6D239-E459-4F38-BEC4-F893DB139CAF}"
EndProject
Global
	GlobalSection(SolutionConfigurationPlatforms) = preSolution
		Debug|Any CPU = Debug|Any CPU
		Release|Any CPU = Release|Any CPU
	EndGlobalSection
	GlobalSection(ProjectConfigurationPlatforms) = postSolution
		{ABA6D239-E459-4F38-BEC4-F893DB139CAF}.Debug|Any CPU.ActiveCfg = Debug|Any CPU
		{ABA6D239-E459-4F38-BEC4-F893DB139CAF}.Debug|Any CPU.Build.0 = Debug|Any CPU
		{ABA6D239-E459-4F38-BEC4-F893DB139CAF}.Release|Any CPU.ActiveCfg = Release|Any CPU
		{ABA6D239-E459-4F38-BEC4-F893DB139CAF}.Release|Any CPU.Build.0 = Release|Any CPU
	EndGlobalSection
	GlobalSection(SolutionProperties) = preSolution
		HideSolutionNode = FALSE
	EndGlobalSection
	GlobalSection(ExtensibilityGlobals) = postSolution
		SolutionGuid = {1378797A-8692-4D8C-AE26-05511E5266BE}
	EndGlobalSection
EndGlobal
